
Microsoft Visual Studio Solution File, Format Version 12.00
# Visual Studio 14
VisualStudioVersion = 14.0.25420.1
MinimumVisualStudioVersion = 10.0.40219.1
Project("{FAE04EC0-301F-11D3-BF4B-00C04F79EFBC}") = "RPSLS2", "RPSLS2\RPSLS2.csproj", "{6735F416-F406-43E1-BF5A-CF06AD3A547B}"
EndProject
Global
	GlobalSection(SolutionConfigurationPlatforms) = preSolution
		Debug|Any CPU = Debug|Any CPU
		Release|Any CPU = Release|Any CPU
	EndGlobalSection
	GlobalSection(ProjectConfigurationPlatforms) = postSolution
		{6735F416-F406-43E1-BF5A-CF06AD3A547B}.Debug|Any CPU.ActiveCfg = Debug|Any CPU
		{6735F416-F406-43E1-BF5A-CF06AD3A547B}.Debug|Any CPU.Build.0 = Debug|Any CPU
		{6735F416-F406-43E1-BF5A-CF06AD3A547B}.Release|Any CPU.ActiveCfg = Release|Any CPU
		{6735F416-F406-43E1-BF5A-CF06AD3A547B}.Release|Any CPU.Build.0 = Release|Any CPU
	EndGlobalSection
	GlobalSection(SolutionProperties) = preSolution
		HideSolutionNode = FALSE
	EndGlobalSection
EndGlobal
